// !$*UTF8*$!
{
	archiveVersion = 1;
	classes = {
	};
	objectVersion = 50;
	objects = {

/* Begin PBXBuildFile section */
		932A4AFB25B0C33500F1A6FB /* Array+Only.swift in Sources */ = {isa = PBXBuildFile; fileRef = 932A4AFA25B0C33500F1A6FB /* Array+Only.swift */; };
		9333831F25AE12B100861C16 /* Grid.swift in Sources */ = {isa = PBXBuildFile; fileRef = 9333831E25AE12B100861C16 /* Grid.swift */; };
		9333832225AE170E00861C16 /* GridLayout.swift in Sources */ = {isa = PBXBuildFile; fileRef = 9333832125AE170E00861C16 /* GridLayout.swift */; };
		9333832625AE32C300861C16 /* Array+Identifiable.swift in Sources */ = {isa = PBXBuildFile; fileRef = 9333832525AE32C300861C16 /* Array+Identifiable.swift */; };
		935E779725AB3B900099D457 /* stanford_courseApp.swift in Sources */ = {isa = PBXBuildFile; fileRef = 935E779625AB3B900099D457 /* stanford_courseApp.swift */; };
		935E779925AB3B900099D457 /* EmojiMemoryGameView.swift in Sources */ = {isa = PBXBuildFile; fileRef = 935E779825AB3B900099D457 /* EmojiMemoryGameView.swift */; };
		935E779B25AB3B910099D457 /* Assets.xcassets in Resources */ = {isa = PBXBuildFile; fileRef = 935E779A25AB3B910099D457 /* Assets.xcassets */; };
		935E779E25AB3B910099D457 /* Preview Assets.xcassets in Resources */ = {isa = PBXBuildFile; fileRef = 935E779D25AB3B910099D457 /* Preview Assets.xcassets */; };
		935E77A725AB41C40099D457 /* MemoryGame.swift in Sources */ = {isa = PBXBuildFile; fileRef = 935E77A625AB41C40099D457 /* MemoryGame.swift */; };
		935E77AA25AB429C0099D457 /* EmojiMemoryGame.swift in Sources */ = {isa = PBXBuildFile; fileRef = 935E77A925AB429C0099D457 /* EmojiMemoryGame.swift */; };
/* End PBXBuildFile section */

/* Begin PBXFileReference section */
		932A4AFA25B0C33500F1A6FB /* Array+Only.swift */ = {isa = PBXFileReference; lastKnownFileType = sourcecode.swift; path = "Array+Only.swift"; sourceTree = "<group>"; };
		9333831E25AE12B100861C16 /* Grid.swift */ = {isa = PBXFileReference; lastKnownFileType = sourcecode.swift; path = Grid.swift; sourceTree = "<group>"; };
		9333832125AE170E00861C16 /* GridLayout.swift */ = {isa = PBXFileReference; fileEncoding = 4; lastKnownFileType = sourcecode.swift; path = GridLayout.swift; sourceTree = "<group>"; };
		9333832525AE32C300861C16 /* Array+Identifiable.swift */ = {isa = PBXFileReference; lastKnownFileType = sourcecode.swift; path = "Array+Identifiable.swift"; sourceTree = "<group>"; };
		935E779325AB3B900099D457 /* stanford-course.app */ = {isa = PBXFileReference; explicitFileType = wrapper.application; includeInIndex = 0; path = "stanford-course.app"; sourceTree = BUILT_PRODUCTS_DIR; };
		935E779625AB3B900099D457 /* stanford_courseApp.swift */ = {isa = PBXFileReference; lastKnownFileType = sourcecode.swift; path = stanford_courseApp.swift; sourceTree = "<group>"; };
		935E779825AB3B900099D457 /* EmojiMemoryGameView.swift */ = {isa = PBXFileReference; lastKnownFileType = sourcecode.swift; path = EmojiMemoryGameView.swift; sourceTree = "<group>"; };
		935E779A25AB3B910099D457 /* Assets.xcassets */ = {isa = PBXFileReference; lastKnownFileType = folder.assetcatalog; path = Assets.xcassets; sourceTree = "<group>"; };
		935E779D25AB3B910099D457 /* Preview Assets.xcassets */ = {isa = PBXFileReference; lastKnownFileType = folder.assetcatalog; path = "Preview Assets.xcassets"; sourceTree = "<group>"; };
		935E779F25AB3B910099D457 /* Info.plist */ = {isa = PBXFileReference; lastKnownFileType = text.plist.xml; path = Info.plist; sourceTree = "<group>"; };
		935E77A625AB41C40099D457 /* MemoryGame.swift */ = {isa = PBXFileReference; lastKnownFileType = sourcecode.swift; path = MemoryGame.swift; sourceTree = "<group>"; };
		935E77A925AB429C0099D457 /* EmojiMemoryGame.swift */ = {isa = PBXFileReference; lastKnownFileType = sourcecode.swift; path = EmojiMemoryGame.swift; sourceTree = "<group>"; };
/* End PBXFileReference section */

/* Begin PBXFrameworksBuildPhase section */
		935E779025AB3B900099D457 /* Frameworks */ = {
			isa = PBXFrameworksBuildPhase;
			buildActionMask = 2147483647;
			files = (
			);
			runOnlyForDeploymentPostprocessing = 0;
		};
/* End PBXFrameworksBuildPhase section */

/* Begin PBXGroup section */
		935E778A25AB3B900099D457 = {
			isa = PBXGroup;
			children = (
				935E779525AB3B900099D457 /* stanford-course */,
				935E779425AB3B900099D457 /* Products */,
			);
			sourceTree = "<group>";
		};
		935E779425AB3B900099D457 /* Products */ = {
			isa = PBXGroup;
			children = (
				935E779325AB3B900099D457 /* stanford-course.app */,
			);
			name = Products;
			sourceTree = "<group>";
		};
		935E779525AB3B900099D457 /* stanford-course */ = {
			isa = PBXGroup;
			children = (
				935E779625AB3B900099D457 /* stanford_courseApp.swift */,
				935E779825AB3B900099D457 /* EmojiMemoryGameView.swift */,
				9333831E25AE12B100861C16 /* Grid.swift */,
				9333832125AE170E00861C16 /* GridLayout.swift */,
				935E77A925AB429C0099D457 /* EmojiMemoryGame.swift */,
				935E77A625AB41C40099D457 /* MemoryGame.swift */,
				932A4AFA25B0C33500F1A6FB /* Array+Only.swift */,
				9333832525AE32C300861C16 /* Array+Identifiable.swift */,
				935E779A25AB3B910099D457 /* Assets.xcassets */,
				935E779F25AB3B910099D457 /* Info.plist */,
				935E779C25AB3B910099D457 /* Preview Content */,
			);
			path = "stanford-course";
			sourceTree = "<group>";
		};
		935E779C25AB3B910099D457 /* Preview Content */ = {
			isa = PBXGroup;
			children = (
				935E779D25AB3B910099D457 /* Preview Assets.xcassets */,
			);
			path = "Preview Content";
			sourceTree = "<group>";
		};
/* End PBXGroup section */

/* Begin PBXNativeTarget section */
		935E779225AB3B900099D457 /* stanford-course */ = {
			isa = PBXNativeTarget;
			buildConfigurationList = 935E77A225AB3B910099D457 /* Build configuration list for PBXNativeTarget "stanford-course" */;
			buildPhases = (
				935E778F25AB3B900099D457 /* Sources */,
				935E779025AB3B900099D457 /* Frameworks */,
				935E779125AB3B900099D457 /* Resources */,
			);
			buildRules = (
			);
			dependencies = (
			);
			name = "stanford-course";
			productName = "stanford-course";
			productReference = 935E779325AB3B900099D457 /* stanford-course.app */;
			productType = "com.apple.product-type.application";
		};
/* End PBXNativeTarget section */

/* Begin PBXProject section */
		935E778B25AB3B900099D457 /* Project object */ = {
			isa = PBXProject;
			attributes = {
				LastSwiftUpdateCheck = 1230;
				LastUpgradeCheck = 1230;
				TargetAttributes = {
					935E779225AB3B900099D457 = {
						CreatedOnToolsVersion = 12.3;
					};
				};
			};
			buildConfigurationList = 935E778E25AB3B900099D457 /* Build configuration list for PBXProject "stanford-course" */;
			compatibilityVersion = "Xcode 9.3";
			developmentRegion = en;
			hasScannedForEncodings = 0;
			knownRegions = (
				en,
				Base,
			);
			mainGroup = 935E778A25AB3B900099D457;
			productRefGroup = 935E779425AB3B900099D457 /* Products */;
			projectDirPath = "";
			projectRoot = "";
			targets = (
				935E779225AB3B900099D457 /* stanford-course */,
			);
		};
/* End PBXProject section */

/* Begin PBXResourcesBuildPhase section */
		935E779125AB3B900099D457 /* Resources */ = {
			isa = PBXResourcesBuildPhase;
			buildActionMask = 2147483647;
			files = (
				935E779E25AB3B910099D457 /* Preview Assets.xcassets in Resources */,
				935E779B25AB3B910099D457 /* Assets.xcassets in Resources */,
			);
			runOnlyForDeploymentPostprocessing = 0;
		};
/* End PBXResourcesBuildPhase section */

/* Begin PBXSourcesBuildPhase section */
		935E778F25AB3B900099D457 /* Sources */ = {
			isa = PBXSourcesBuildPhase;
			buildActionMask = 2147483647;
			files = (
				9333832625AE32C300861C16 /* Array+Identifiable.swift in Sources */,
				935E77A725AB41C40099D457 /* MemoryGame.swift in Sources */,
				935E779925AB3B900099D457 /* EmojiMemoryGameView.swift in Sources */,
				935E779725AB3B900099D457 /* stanford_courseApp.swift in Sources */,
				9333832225AE170E00861C16 /* GridLayout.swift in Sources */,
				9333831F25AE12B100861C16 /* Grid.swift in Sources */,
				935E77AA25AB429C0099D457 /* EmojiMemoryGame.swift in Sources */,
				932A4AFB25B0C33500F1A6FB /* Array+Only.swift in Sources */,
			);
			runOnlyForDeploymentPostprocessing = 0;
		};
/* End PBXSourcesBuildPhase section */

/* Begin XCBuildConfiguration section */
		935E77A025AB3B910099D457 /* Debug */ = {
			isa = XCBuildConfiguration;
			buildSettings = {
				ALWAYS_SEARCH_USER_PATHS = NO;
				CLANG_ANALYZER_NONNULL = YES;
				CLANG_ANALYZER_NUMBER_OBJECT_CONVERSION = YES_AGGRESSIVE;
				CLANG_CXX_LANGUAGE_STANDARD = "gnu++14";
				CLANG_CXX_LIBRARY = "libc++";
				CLANG_ENABLE_MODULES = YES;
				CLANG_ENABLE_OBJC_ARC = YES;
				CLANG_ENABLE_OBJC_WEAK = YES;
				CLANG_WARN_BLOCK_CAPTURE_AUTORELEASING = YES;
				CLANG_WARN_BOOL_CONVERSION = YES;
				CLANG_WARN_COMMA = YES;
				CLANG_WARN_CONSTANT_CONVERSION = YES;
				CLANG_WARN_DEPRECATED_OBJC_IMPLEMENTATIONS = YES;
				CLANG_WARN_DIRECT_OBJC_ISA_USAGE = YES_ERROR;
				CLANG_WARN_DOCUMENTATION_COMMENTS = YES;
				CLANG_WARN_EMPTY_BODY = YES;
				CLANG_WARN_ENUM_CONVERSION = YES;
				CLANG_WARN_INFINITE_RECURSION = YES;
				CLANG_WARN_INT_CONVERSION = YES;
				CLANG_WARN_NON_LITERAL_NULL_CONVERSION = YES;
				CLANG_WARN_OBJC_IMPLICIT_RETAIN_SELF = YES;
				CLANG_WARN_OBJC_LITERAL_CONVERSION = YES;
				CLANG_WARN_OBJC_ROOT_CLASS = YES_ERROR;
				CLANG_WARN_QUOTED_INCLUDE_IN_FRAMEWORK_HEADER = YES;
				CLANG_WARN_RANGE_LOOP_ANALYSIS = YES;
				CLANG_WARN_STRICT_PROTOTYPES = YES;
				CLANG_WARN_SUSPICIOUS_MOVE = YES;
				CLANG_WARN_UNGUARDED_AVAILABILITY = YES_AGGRESSIVE;
				CLANG_WARN_UNREACHABLE_CODE = YES;
				CLANG_WARN__DUPLICATE_METHOD_MATCH = YES;
				COPY_PHASE_STRIP = NO;
				DEBUG_INFORMATION_FORMAT = dwarf;
				ENABLE_STRICT_OBJC_MSGSEND = YES;
				ENABLE_TESTABILITY = YES;
				GCC_C_LANGUAGE_STANDARD = gnu11;
				GCC_DYNAMIC_NO_PIC = NO;
				GCC_NO_COMMON_BLOCKS = YES;
				GCC_OPTIMIZATION_LEVEL = 0;
				GCC_PREPROCESSOR_DEFINITIONS = (
					"DEBUG=1",
					"$(inherited)",
				);
				GCC_WARN_64_TO_32_BIT_CONVERSION = YES;
				GCC_WARN_ABOUT_RETURN_TYPE = YES_ERROR;
				GCC_WARN_UNDECLARED_SELECTOR = YES;
				GCC_WARN_UNINITIALIZED_AUTOS = YES_AGGRESSIVE;
				GCC_WARN_UNUSED_FUNCTION = YES;
				GCC_WARN_UNUSED_VARIABLE = YES;
				IPHONEOS_DEPLOYMENT_TARGET = 14.3;
				MTL_ENABLE_DEBUG_INFO = INCLUDE_SOURCE;
				MTL_FAST_MATH = YES;
				ONLY_ACTIVE_ARCH = YES;
				SDKROOT = iphoneos;
				SWIFT_ACTIVE_COMPILATION_CONDITIONS = DEBUG;
				SWIFT_OPTIMIZATION_LEVEL = "-Onone";
			};
			name = Debug;
		};
		935E77A125AB3B910099D457 /* Release */ = {
			isa = XCBuildConfiguration;
			buildSettings = {
				ALWAYS_SEARCH_USER_PATHS = NO;
				CLANG_ANALYZER_NONNULL = YES;
				CLANG_ANALYZER_NUMBER_OBJECT_CONVERSION = YES_AGGRESSIVE;
				CLANG_CXX_LANGUAGE_STANDARD = "gnu++14";
				CLANG_CXX_LIBRARY = "libc++";
				CLANG_ENABLE_MODULES = YES;
				CLANG_ENABLE_OBJC_ARC = YES;
				CLANG_ENABLE_OBJC_WEAK = YES;
				CLANG_WARN_BLOCK_CAPTURE_AUTORELEASING = YES;
				CLANG_WARN_BOOL_CONVERSION = YES;
				CLANG_WARN_COMMA = YES;
				CLANG_WARN_CONSTANT_CONVERSION = YES;
				CLANG_WARN_DEPRECATED_OBJC_IMPLEMENTATIONS = YES;
				CLANG_WARN_DIRECT_OBJC_ISA_USAGE = YES_ERROR;
				CLANG_WARN_DOCUMENTATION_COMMENTS = YES;
				CLANG_WARN_EMPTY_BODY = YES;
				CLANG_WARN_ENUM_CONVERSION = YES;
				CLANG_WARN_INFINITE_RECURSION = YES;
				CLANG_WARN_INT_CONVERSION = YES;
				CLANG_WARN_NON_LITERAL_NULL_CONVERSION = YES;
				CLANG_WARN_OBJC_IMPLICIT_RETAIN_SELF = YES;
				CLANG_WARN_OBJC_LITERAL_CONVERSION = YES;
				CLANG_WARN_OBJC_ROOT_CLASS = YES_ERROR;
				CLANG_WARN_QUOTED_INCLUDE_IN_FRAMEWORK_HEADER = YES;
				CLANG_WARN_RANGE_LOOP_ANALYSIS = YES;
				CLANG_WARN_STRICT_PROTOTYPES = YES;
				CLANG_WARN_SUSPICIOUS_MOVE = YES;
				CLANG_WARN_UNGUARDED_AVAILABILITY = YES_AGGRESSIVE;
				CLANG_WARN_UNREACHABLE_CODE = YES;
				CLANG_WARN__DUPLICATE_METHOD_MATCH = YES;
				COPY_PHASE_STRIP = NO;
				DEBUG_INFORMATION_FORMAT = "dwarf-with-dsym";
				ENABLE_NS_ASSERTIONS = NO;
				ENABLE_STRICT_OBJC_MSGSEND = YES;
				GCC_C_LANGUAGE_STANDARD = gnu11;
				GCC_NO_COMMON_BLOCKS = YES;
				GCC_WARN_64_TO_32_BIT_CONVERSION = YES;
				GCC_WARN_ABOUT_RETURN_TYPE = YES_ERROR;
				GCC_WARN_UNDECLARED_SELECTOR = YES;
				GCC_WARN_UNINITIALIZED_AUTOS = YES_AGGRESSIVE;
				GCC_WARN_UNUSED_FUNCTION = YES;
				GCC_WARN_UNUSED_VARIABLE = YES;
				IPHONEOS_DEPLOYMENT_TARGET = 14.3;
				MTL_ENABLE_DEBUG_INFO = NO;
				MTL_FAST_MATH = YES;
				SDKROOT = iphoneos;
				SWIFT_COMPILATION_MODE = wholemodule;
				SWIFT_OPTIMIZATION_LEVEL = "-O";
				VALIDATE_PRODUCT = YES;
			};
			name = Release;
		};
		935E77A325AB3B910099D457 /* Debug */ = {
			isa = XCBuildConfiguration;
			buildSettings = {
				ASSETCATALOG_COMPILER_APPICON_NAME = AppIcon;
				ASSETCATALOG_COMPILER_GLOBAL_ACCENT_COLOR_NAME = AccentColor;
				CODE_SIGN_STYLE = Automatic;
				DEVELOPMENT_ASSET_PATHS = "\"stanford-course/Preview Content\"";
				DEVELOPMENT_TEAM = 6QEGTBGNQG;
				ENABLE_PREVIEWS = YES;
				INFOPLIST_FILE = "stanford-course/Info.plist";
				IPHONEOS_DEPLOYMENT_TARGET = 14.0;
				LD_RUNPATH_SEARCH_PATHS = (
					"$(inherited)",
					"@executable_path/Frameworks",
				);
				PRODUCT_BUNDLE_IDENTIFIER = "james-watling.stanford-course";
				PRODUCT_NAME = "$(TARGET_NAME)";
				SWIFT_VERSION = 5.0;
				TARGETED_DEVICE_FAMILY = "1,2";
			};
			name = Debug;
		};
		935E77A425AB3B910099D457 /* Release */ = {
			isa = XCBuildConfiguration;
			buildSettings = {
				ASSETCATALOG_COMPILER_APPICON_NAME = AppIcon;
				ASSETCATALOG_COMPILER_GLOBAL_ACCENT_COLOR_NAME = AccentColor;
				CODE_SIGN_STYLE = Automatic;
				DEVELOPMENT_ASSET_PATHS = "\"stanford-course/Preview Content\"";
				DEVELOPMENT_TEAM = 6QEGTBGNQG;
				ENABLE_PREVIEWS = YES;
				INFOPLIST_FILE = "stanford-course/Info.plist";
				IPHONEOS_DEPLOYMENT_TARGET = 14.0;
				LD_RUNPATH_SEARCH_PATHS = (
					"$(inherited)",
					"@executable_path/Frameworks",
				);
				PRODUCT_BUNDLE_IDENTIFIER = "james-watling.stanford-course";
				PRODUCT_NAME = "$(TARGET_NAME)";
				SWIFT_VERSION = 5.0;
				TARGETED_DEVICE_FAMILY = "1,2";
			};
			name = Release;
		};
/* End XCBuildConfiguration section */

/* Begin XCConfigurationList section */
		935E778E25AB3B900099D457 /* Build configuration list for PBXProject "stanford-course" */ = {
			isa = XCConfigurationList;
			buildConfigurations = (
				935E77A025AB3B910099D457 /* Debug */,
				935E77A125AB3B910099D457 /* Release */,
			);
			defaultConfigurationIsVisible = 0;
			defaultConfigurationName = Release;
		};
		935E77A225AB3B910099D457 /* Build configuration list for PBXNativeTarget "stanford-course" */ = {
			isa = XCConfigurationList;
			buildConfigurations = (
				935E77A325AB3B910099D457 /* Debug */,
				935E77A425AB3B910099D457 /* Release */,
			);
			defaultConfigurationIsVisible = 0;
			defaultConfigurationName = Release;
		};
/* End XCConfigurationList section */
	};
	rootObject = 935E778B25AB3B900099D457 /* Project object */;
}
